
Microsoft Visual Studio Solution File, Format Version 12.00
# Visual Studio Version 16
VisualStudioVersion = 16.0.30317.65
MinimumVisualStudioVersion = 10.0.40219.1
Project("{FAE04EC0-301F-11D3-BF4B-00C04F79EFBC}") = "AudioServer", "AudioServer\AudioServer.csproj", "{AB3951F9-464E-487B-907A-1FC9CCDB336D}"
EndProject
Project("{FAE04EC0-301F-11D3-BF4B-00C04F79EFBC}") = "AudioTestApp", "AudioTestApp\AudioTestApp.csproj", "{DF6430C8-09F7-413A-A109-0F944327BFE4}"
EndProject
Global
	GlobalSection(SolutionConfigurationPlatforms) = preSolution
		Debug|Any CPU = Debug|Any CPU
		Release|Any CPU = Release|Any CPU
	EndGlobalSection
	GlobalSection(ProjectConfigurationPlatforms) = postSolution
		{AB3951F9-464E-487B-907A-1FC9CCDB336D}.Debug|Any CPU.ActiveCfg = Debug|Any CPU
		{AB3951F9-464E-487B-907A-1FC9CCDB336D}.Debug|Any CPU.Build.0 = Debug|Any CPU
		{AB3951F9-464E-487B-907A-1FC9CCDB336D}.Debug|Any CPU.Deploy.0 = Debug|Any CPU
		{AB3951F9-464E-487B-907A-1FC9CCDB336D}.Release|Any CPU.ActiveCfg = Release|Any CPU
		{AB3951F9-464E-487B-907A-1FC9CCDB336D}.Release|Any CPU.Build.0 = Release|Any CPU
		{AB3951F9-464E-487B-907A-1FC9CCDB336D}.Release|Any CPU.Deploy.0 = Release|Any CPU
		{DF6430C8-09F7-413A-A109-0F944327BFE4}.Debug|Any CPU.ActiveCfg = Debug|Any CPU
		{DF6430C8-09F7-413A-A109-0F944327BFE4}.Debug|Any CPU.Build.0 = Debug|Any CPU
		{DF6430C8-09F7-413A-A109-0F944327BFE4}.Release|Any CPU.ActiveCfg = Release|Any CPU
		{DF6430C8-09F7-413A-A109-0F944327BFE4}.Release|Any CPU.Build.0 = Release|Any CPU
	EndGlobalSection
	GlobalSection(SolutionProperties) = preSolution
		HideSolutionNode = FALSE
	EndGlobalSection
	GlobalSection(ExtensibilityGlobals) = postSolution
		SolutionGuid = {237FC9EA-C413-4D34-9851-F3107E40A418}
	EndGlobalSection
EndGlobal
